// !$*UTF8*$!
{
	archiveVersion = 1;
	classes = {
	};
	objectVersion = 50;
	objects = {

/* Begin PBXBuildFile section */
		5959DBFB22E932C00038B76E /* AppDelegate.swift in Sources */ = {isa = PBXBuildFile; fileRef = 5959DBFA22E932C00038B76E /* AppDelegate.swift */; };
		5959DBFD22E932C00038B76E /* ViewController.swift in Sources */ = {isa = PBXBuildFile; fileRef = 5959DBFC22E932C00038B76E /* ViewController.swift */; };
		5959DC0022E932C00038B76E /* Main.storyboard in Resources */ = {isa = PBXBuildFile; fileRef = 5959DBFE22E932C00038B76E /* Main.storyboard */; };
		5959DC0222E932C20038B76E /* Assets.xcassets in Resources */ = {isa = PBXBuildFile; fileRef = 5959DC0122E932C20038B76E /* Assets.xcassets */; };
		5959DC0522E932C20038B76E /* LaunchScreen.storyboard in Resources */ = {isa = PBXBuildFile; fileRef = 5959DC0322E932C20038B76E /* LaunchScreen.storyboard */; };
		5959DC1022E938680038B76E /* MFZhiHei_Noncommercial-Regular.ttf in Resources */ = {isa = PBXBuildFile; fileRef = 5959DC0C22E938670038B76E /* MFZhiHei_Noncommercial-Regular.ttf */; };
		5959DC1122E938680038B76E /* MFTongXin_Noncommercial-Regular.ttf in Resources */ = {isa = PBXBuildFile; fileRef = 5959DC0D22E938670038B76E /* MFTongXin_Noncommercial-Regular.ttf */; };
		5959DC1222E938680038B76E /* Gaspar Regular.otf in Resources */ = {isa = PBXBuildFile; fileRef = 5959DC0E22E938670038B76E /* Gaspar Regular.otf */; };
		5959DC1322E938680038B76E /* MFJinHei_Noncommercial-Regular.ttf in Resources */ = {isa = PBXBuildFile; fileRef = 5959DC0F22E938680038B76E /* MFJinHei_Noncommercial-Regular.ttf */; };
/* End PBXBuildFile section */

/* Begin PBXFileReference section */
		5959DBF722E932C00038B76E /* ChangeFont.app */ = {isa = PBXFileReference; explicitFileType = wrapper.application; includeInIndex = 0; path = ChangeFont.app; sourceTree = BUILT_PRODUCTS_DIR; };
		5959DBFA22E932C00038B76E /* AppDelegate.swift */ = {isa = PBXFileReference; lastKnownFileType = sourcecode.swift; path = AppDelegate.swift; sourceTree = "<group>"; };
		5959DBFC22E932C00038B76E /* ViewController.swift */ = {isa = PBXFileReference; lastKnownFileType = sourcecode.swift; path = ViewController.swift; sourceTree = "<group>"; };
		5959DBFF22E932C00038B76E /* Base */ = {isa = PBXFileReference; lastKnownFileType = file.storyboard; name = Base; path = Base.lproj/Main.storyboard; sourceTree = "<group>"; };
		5959DC0122E932C20038B76E /* Assets.xcassets */ = {isa = PBXFileReference; lastKnownFileType = folder.assetcatalog; path = Assets.xcassets; sourceTree = "<group>"; };
		5959DC0422E932C20038B76E /* Base */ = {isa = PBXFileReference; lastKnownFileType = file.storyboard; name = Base; path = Base.lproj/LaunchScreen.storyboard; sourceTree = "<group>"; };
		5959DC0622E932C20038B76E /* Info.plist */ = {isa = PBXFileReference; lastKnownFileType = text.plist.xml; path = Info.plist; sourceTree = "<group>"; };
		5959DC0C22E938670038B76E /* MFZhiHei_Noncommercial-Regular.ttf */ = {isa = PBXFileReference; lastKnownFileType = file; path = "MFZhiHei_Noncommercial-Regular.ttf"; sourceTree = "<group>"; };
		5959DC0D22E938670038B76E /* MFTongXin_Noncommercial-Regular.ttf */ = {isa = PBXFileReference; lastKnownFileType = file; path = "MFTongXin_Noncommercial-Regular.ttf"; sourceTree = "<group>"; };
		5959DC0E22E938670038B76E /* Gaspar Regular.otf */ = {isa = PBXFileReference; lastKnownFileType = file; path = "Gaspar Regular.otf"; sourceTree = "<group>"; };
		5959DC0F22E938680038B76E /* MFJinHei_Noncommercial-Regular.ttf */ = {isa = PBXFileReference; lastKnownFileType = file; path = "MFJinHei_Noncommercial-Regular.ttf"; sourceTree = "<group>"; };
/* End PBXFileReference section */

/* Begin PBXFrameworksBuildPhase section */
		5959DBF422E932C00038B76E /* Frameworks */ = {
			isa = PBXFrameworksBuildPhase;
			buildActionMask = 2147483647;
			files = (
			);
			runOnlyForDeploymentPostprocessing = 0;
		};
/* End PBXFrameworksBuildPhase section */

/* Begin PBXGroup section */
		5959DBEE22E932C00038B76E = {
			isa = PBXGroup;
			children = (
				5959DBF922E932C00038B76E /* ChangeFont */,
				5959DBF822E932C00038B76E /* Products */,
			);
			sourceTree = "<group>";
		};
		5959DBF822E932C00038B76E /* Products */ = {
			isa = PBXGroup;
			children = (
				5959DBF722E932C00038B76E /* ChangeFont.app */,
			);
			name = Products;
			sourceTree = "<group>";
		};
		5959DBF922E932C00038B76E /* ChangeFont */ = {
			isa = PBXGroup;
			children = (
				5959DC0E22E938670038B76E /* Gaspar Regular.otf */,
				5959DC0F22E938680038B76E /* MFJinHei_Noncommercial-Regular.ttf */,
				5959DC0D22E938670038B76E /* MFTongXin_Noncommercial-Regular.ttf */,
				5959DC0C22E938670038B76E /* MFZhiHei_Noncommercial-Regular.ttf */,
				5959DBFA22E932C00038B76E /* AppDelegate.swift */,
				5959DBFC22E932C00038B76E /* ViewController.swift */,
				5959DBFE22E932C00038B76E /* Main.storyboard */,
				5959DC0122E932C20038B76E /* Assets.xcassets */,
				5959DC0322E932C20038B76E /* LaunchScreen.storyboard */,
				5959DC0622E932C20038B76E /* Info.plist */,
			);
			path = ChangeFont;
			sourceTree = "<group>";
		};
/* End PBXGroup section */

/* Begin PBXNativeTarget section */
		5959DBF622E932C00038B76E /* ChangeFont */ = {
			isa = PBXNativeTarget;
			buildConfigurationList = 5959DC0922E932C20038B76E /* Build configuration list for PBXNativeTarget "ChangeFont" */;
			buildPhases = (
				5959DBF322E932C00038B76E /* Sources */,
				5959DBF422E932C00038B76E /* Frameworks */,
				5959DBF522E932C00038B76E /* Resources */,
			);
			buildRules = (
			);
			dependencies = (
			);
			name = ChangeFont;
			productName = ChangeFont;
			productReference = 5959DBF722E932C00038B76E /* ChangeFont.app */;
			productType = "com.apple.product-type.application";
		};
/* End PBXNativeTarget section */

/* Begin PBXProject section */
		5959DBEF22E932C00038B76E /* Project object */ = {
			isa = PBXProject;
			attributes = {
				LastSwiftUpdateCheck = 1020;
				LastUpgradeCheck = 1020;
				ORGANIZATIONNAME = vinte;
				TargetAttributes = {
					5959DBF622E932C00038B76E = {
						CreatedOnToolsVersion = 10.2.1;
					};
				};
			};
			buildConfigurationList = 5959DBF222E932C00038B76E /* Build configuration list for PBXProject "ChangeFont" */;
			compatibilityVersion = "Xcode 9.3";
			developmentRegion = en;
			hasScannedForEncodings = 0;
			knownRegions = (
				en,
				Base,
			);
			mainGroup = 5959DBEE22E932C00038B76E;
			productRefGroup = 5959DBF822E932C00038B76E /* Products */;
			projectDirPath = "";
			projectRoot = "";
			targets = (
				5959DBF622E932C00038B76E /* ChangeFont */,
			);
		};
/* End PBXProject section */

/* Begin PBXResourcesBuildPhase section */
		5959DBF522E932C00038B76E /* Resources */ = {
			isa = PBXResourcesBuildPhase;
			buildActionMask = 2147483647;
			files = (
				5959DC1122E938680038B76E /* MFTongXin_Noncommercial-Regular.ttf in Resources */,
				5959DC1322E938680038B76E /* MFJinHei_Noncommercial-Regular.ttf in Resources */,
				5959DC1222E938680038B76E /* Gaspar Regular.otf in Resources */,
				5959DC0522E932C20038B76E /* LaunchScreen.storyboard in Resources */,
				5959DC0222E932C20038B76E /* Assets.xcassets in Resources */,
				5959DC0022E932C00038B76E /* Main.storyboard in Resources */,
				5959DC1022E938680038B76E /* MFZhiHei_Noncommercial-Regular.ttf in Resources */,
			);
			runOnlyForDeploymentPostprocessing = 0;
		};
/* End PBXResourcesBuildPhase section */

/* Begin PBXSourcesBuildPhase section */
		5959DBF322E932C00038B76E /* Sources */ = {
			isa = PBXSourcesBuildPhase;
			buildActionMask = 2147483647;
			files = (
				5959DBFD22E932C00038B76E /* ViewController.swift in Sources */,
				5959DBFB22E932C00038B76E /* AppDelegate.swift in Sources */,
			);
			runOnlyForDeploymentPostprocessing = 0;
		};
/* End PBXSourcesBuildPhase section */

/* Begin PBXVariantGroup section */
		5959DBFE22E932C00038B76E /* Main.storyboard */ = {
			isa = PBXVariantGroup;
			children = (
				5959DBFF22E932C00038B76E /* Base */,
			);
			name = Main.storyboard;
			sourceTree = "<group>";
		};
		5959DC0322E932C20038B76E /* LaunchScreen.storyboard */ = {
			isa = PBXVariantGroup;
			children = (
				5959DC0422E932C20038B76E /* Base */,
			);
			name = LaunchScreen.storyboard;
			sourceTree = "<group>";
		};
/* End PBXVariantGroup section */

/* Begin XCBuildConfiguration section */
		5959DC0722E932C20038B76E /* Debug */ = {
			isa = XCBuildConfiguration;
			buildSettings = {
				ALWAYS_SEARCH_USER_PATHS = NO;
				CLANG_ANALYZER_NONNULL = YES;
				CLANG_ANALYZER_NUMBER_OBJECT_CONVERSION = YES_AGGRESSIVE;
				CLANG_CXX_LANGUAGE_STANDARD = "gnu++14";
				CLANG_CXX_LIBRARY = "libc++";
				CLANG_ENABLE_MODULES = YES;
				CLANG_ENABLE_OBJC_ARC = YES;
				CLANG_ENABLE_OBJC_WEAK = YES;
				CLANG_WARN_BLOCK_CAPTURE_AUTORELEASING = YES;
				CLANG_WARN_BOOL_CONVERSION = YES;
				CLANG_WARN_COMMA = YES;
				CLANG_WARN_CONSTANT_CONVERSION = YES;
				CLANG_WARN_DEPRECATED_OBJC_IMPLEMENTATIONS = YES;
				CLANG_WARN_DIRECT_OBJC_ISA_USAGE = YES_ERROR;
				CLANG_WARN_DOCUMENTATION_COMMENTS = YES;
				CLANG_WARN_EMPTY_BODY = YES;
				CLANG_WARN_ENUM_CONVERSION = YES;
				CLANG_WARN_INFINITE_RECURSION = YES;
				CLANG_WARN_INT_CONVERSION = YES;
				CLANG_WARN_NON_LITERAL_NULL_CONVERSION = YES;
				CLANG_WARN_OBJC_IMPLICIT_RETAIN_SELF = YES;
				CLANG_WARN_OBJC_LITERAL_CONVERSION = YES;
				CLANG_WARN_OBJC_ROOT_CLASS = YES_ERROR;
				CLANG_WARN_RANGE_LOOP_ANALYSIS = YES;
				CLANG_WARN_STRICT_PROTOTYPES = YES;
				CLANG_WARN_SUSPICIOUS_MOVE = YES;
				CLANG_WARN_UNGUARDED_AVAILABILITY = YES_AGGRESSIVE;
				CLANG_WARN_UNREACHABLE_CODE = YES;
				CLANG_WARN__DUPLICATE_METHOD_MATCH = YES;
				CODE_SIGN_IDENTITY = "iPhone Developer";
				COPY_PHASE_STRIP = NO;
				DEBUG_INFORMATION_FORMAT = dwarf;
				ENABLE_STRICT_OBJC_MSGSEND = YES;
				ENABLE_TESTABILITY = YES;
				GCC_C_LANGUAGE_STANDARD = gnu11;
				GCC_DYNAMIC_NO_PIC = NO;
				GCC_NO_COMMON_BLOCKS = YES;
				GCC_OPTIMIZATION_LEVEL = 0;
				GCC_PREPROCESSOR_DEFINITIONS = (
					"DEBUG=1",
					"$(inherited)",
				);
				GCC_WARN_64_TO_32_BIT_CONVERSION = YES;
				GCC_WARN_ABOUT_RETURN_TYPE = YES_ERROR;
				GCC_WARN_UNDECLARED_SELECTOR = YES;
				GCC_WARN_UNINITIALIZED_AUTOS = YES_AGGRESSIVE;
				GCC_WARN_UNUSED_FUNCTION = YES;
				GCC_WARN_UNUSED_VARIABLE = YES;
				IPHONEOS_DEPLOYMENT_TARGET = 12.2;
				MTL_ENABLE_DEBUG_INFO = INCLUDE_SOURCE;
				MTL_FAST_MATH = YES;
				ONLY_ACTIVE_ARCH = YES;
				SDKROOT = iphoneos;
				SWIFT_ACTIVE_COMPILATION_CONDITIONS = DEBUG;
				SWIFT_OPTIMIZATION_LEVEL = "-Onone";
			};
			name = Debug;
		};
		5959DC0822E932C20038B76E /* Release */ = {
			isa = XCBuildConfiguration;
			buildSettings = {
				ALWAYS_SEARCH_USER_PATHS = NO;
				CLANG_ANALYZER_NONNULL = YES;
				CLANG_ANALYZER_NUMBER_OBJECT_CONVERSION = YES_AGGRESSIVE;
				CLANG_CXX_LANGUAGE_STANDARD = "gnu++14";
				CLANG_CXX_LIBRARY = "libc++";
				CLANG_ENABLE_MODULES = YES;
				CLANG_ENABLE_OBJC_ARC = YES;
				CLANG_ENABLE_OBJC_WEAK = YES;
				CLANG_WARN_BLOCK_CAPTURE_AUTORELEASING = YES;
				CLANG_WARN_BOOL_CONVERSION = YES;
				CLANG_WARN_COMMA = YES;
				CLANG_WARN_CONSTANT_CONVERSION = YES;
				CLANG_WARN_DEPRECATED_OBJC_IMPLEMENTATIONS = YES;
				CLANG_WARN_DIRECT_OBJC_ISA_USAGE = YES_ERROR;
				CLANG_WARN_DOCUMENTATION_COMMENTS = YES;
				CLANG_WARN_EMPTY_BODY = YES;
				CLANG_WARN_ENUM_CONVERSION = YES;
				CLANG_WARN_INFINITE_RECURSION = YES;
				CLANG_WARN_INT_CONVERSION = YES;
				CLANG_WARN_NON_LITERAL_NULL_CONVERSION = YES;
				CLANG_WARN_OBJC_IMPLICIT_RETAIN_SELF = YES;
				CLANG_WARN_OBJC_LITERAL_CONVERSION = YES;
				CLANG_WARN_OBJC_ROOT_CLASS = YES_ERROR;
				CLANG_WARN_RANGE_LOOP_ANALYSIS = YES;
				CLANG_WARN_STRICT_PROTOTYPES = YES;
				CLANG_WARN_SUSPICIOUS_MOVE = YES;
				CLANG_WARN_UNGUARDED_AVAILABILITY = YES_AGGRESSIVE;
				CLANG_WARN_UNREACHABLE_CODE = YES;
				CLANG_WARN__DUPLICATE_METHOD_MATCH = YES;
				CODE_SIGN_IDENTITY = "iPhone Developer";
				COPY_PHASE_STRIP = NO;
				DEBUG_INFORMATION_FORMAT = "dwarf-with-dsym";
				ENABLE_NS_ASSERTIONS = NO;
				ENABLE_STRICT_OBJC_MSGSEND = YES;
				GCC_C_LANGUAGE_STANDARD = gnu11;
				GCC_NO_COMMON_BLOCKS = YES;
				GCC_WARN_64_TO_32_BIT_CONVERSION = YES;
				GCC_WARN_ABOUT_RETURN_TYPE = YES_ERROR;
				GCC_WARN_UNDECLARED_SELECTOR = YES;
				GCC_WARN_UNINITIALIZED_AUTOS = YES_AGGRESSIVE;
				GCC_WARN_UNUSED_FUNCTION = YES;
				GCC_WARN_UNUSED_VARIABLE = YES;
				IPHONEOS_DEPLOYMENT_TARGET = 12.2;
				MTL_ENABLE_DEBUG_INFO = NO;
				MTL_FAST_MATH = YES;
				SDKROOT = iphoneos;
				SWIFT_COMPILATION_MODE = wholemodule;
				SWIFT_OPTIMIZATION_LEVEL = "-O";
				VALIDATE_PRODUCT = YES;
			};
			name = Release;
		};
		5959DC0A22E932C20038B76E /* Debug */ = {
			isa = XCBuildConfiguration;
			buildSettings = {
				ASSETCATALOG_COMPILER_APPICON_NAME = AppIcon;
				CODE_SIGN_STYLE = Automatic;
				DEVELOPMENT_TEAM = HKTR45X33V;
				INFOPLIST_FILE = ChangeFont/Info.plist;
				LD_RUNPATH_SEARCH_PATHS = (
					"$(inherited)",
					"@executable_path/Frameworks",
				);
				PRODUCT_BUNDLE_IDENTIFIER = com.VintedeJulho.swift;
				PRODUCT_NAME = "$(TARGET_NAME)";
				SWIFT_VERSION = 5.0;
				TARGETED_DEVICE_FAMILY = "1,2";
			};
			name = Debug;
		};
		5959DC0B22E932C20038B76E /* Release */ = {
			isa = XCBuildConfiguration;
			buildSettings = {
				ASSETCATALOG_COMPILER_APPICON_NAME = AppIcon;
				CODE_SIGN_STYLE = Automatic;
				DEVELOPMENT_TEAM = HKTR45X33V;
				INFOPLIST_FILE = ChangeFont/Info.plist;
				LD_RUNPATH_SEARCH_PATHS = (
					"$(inherited)",
					"@executable_path/Frameworks",
				);
				PRODUCT_BUNDLE_IDENTIFIER = com.VintedeJulho.swift;
				PRODUCT_NAME = "$(TARGET_NAME)";
				SWIFT_VERSION = 5.0;
				TARGETED_DEVICE_FAMILY = "1,2";
			};
			name = Release;
		};
/* End XCBuildConfiguration section */

/* Begin XCConfigurationList section */
		5959DBF222E932C00038B76E /* Build configuration list for PBXProject "ChangeFont" */ = {
			isa = XCConfigurationList;
			buildConfigurations = (
				5959DC0722E932C20038B76E /* Debug */,
				5959DC0822E932C20038B76E /* Release */,
			);
			defaultConfigurationIsVisible = 0;
			defaultConfigurationName = Release;
		};
		5959DC0922E932C20038B76E /* Build configuration list for PBXNativeTarget "ChangeFont" */ = {
			isa = XCConfigurationList;
			buildConfigurations = (
				5959DC0A22E932C20038B76E /* Debug */,
				5959DC0B22E932C20038B76E /* Release */,
			);
			defaultConfigurationIsVisible = 0;
			defaultConfigurationName = Release;
		};
/* End XCConfigurationList section */
	};
	rootObject = 5959DBEF22E932C00038B76E /* Project object */;
}
